
Microsoft Visual Studio Solution File, Format Version 12.00
# Visual Studio Version 18
VisualStudioVersion = 18.1.11304.174
MinimumVisualStudioVersion = 10.0.40219.1
Project("{FAE04EC0-301F-11D3-BF4B-00C04F79EFBC}") = "RazorClassBlog", "RazorClassBlog\RazorClassBlog.csproj", "{DADA7BC3-B218-401E-A0A4-669E99D73A74}"
EndProject
Project("{FAE04EC0-301F-11D3-BF4B-00C04F79EFBC}") = "RazorClassBlog.Web", "RazorClassBlog.Web\RazorClassBlog.Web.csproj", "{3134DE42-756D-421D-9F37-83A9B0971F6F}"
EndProject
Global
	GlobalSection(SolutionConfigurationPlatforms) = preSolution
		Debug|Any CPU = Debug|Any CPU
		Release|Any CPU = Release|Any CPU
	EndGlobalSection
	GlobalSection(ProjectConfigurationPlatforms) = postSolution
		{DADA7BC3-B218-401E-A0A4-669E99D73A74}.Debug|Any CPU.ActiveCfg = Debug|Any CPU
		{DADA7BC3-B218-401E-A0A4-669E99D73A74}.Debug|Any CPU.Build.0 = Debug|Any CPU
		{DADA7BC3-B218-401E-A0A4-669E99D73A74}.Release|Any CPU.ActiveCfg = Release|Any CPU
		{DADA7BC3-B218-401E-A0A4-669E99D73A74}.Release|Any CPU.Build.0 = Release|Any CPU
		{3134DE42-756D-421D-9F37-83A9B0971F6F}.Debug|Any CPU.ActiveCfg = Debug|Any CPU
		{3134DE42-756D-421D-9F37-83A9B0971F6F}.Debug|Any CPU.Build.0 = Debug|Any CPU
		{3134DE42-756D-421D-9F37-83A9B0971F6F}.Release|Any CPU.ActiveCfg = Release|Any CPU
		{3134DE42-756D-421D-9F37-83A9B0971F6F}.Release|Any CPU.Build.0 = Release|Any CPU
	EndGlobalSection
	GlobalSection(SolutionProperties) = preSolution
		HideSolutionNode = FALSE
	EndGlobalSection
	GlobalSection(ExtensibilityGlobals) = postSolution
		SolutionGuid = {9F89FF18-41EB-42D3-B66E-C721FBB91A0F}
	EndGlobalSection
EndGlobal
